
Microsoft Visual Studio Solution File, Format Version 12.00
# Visual Studio Version 17
VisualStudioVersion = 17.11.35327.3
MinimumVisualStudioVersion = 10.0.40219.1
Project("{2150E333-8FDC-42A3-9474-1A3956D46DE8}") = "BLL", "BLL", "{F5C7403E-A1E6-4464-B64C-DE770EE96A20}"
EndProject
Project("{2150E333-8FDC-42A3-9474-1A3956D46DE8}") = "DAL", "DAL", "{023A8E60-3D18-4F21-90B9-06BB5D84ADDA}"
EndProject
Project("{2150E333-8FDC-42A3-9474-1A3956D46DE8}") = "UI", "UI", "{8600D2DF-45C5-4011-8F02-939EE18C97A9}"
EndProject
Project("{9A19103F-16F7-4668-BE54-9A1E7A4F7556}") = "TM.BLL", "TM.BLL\TM.BLL.csproj", "{0C8BBB58-7082-425F-B166-51AFADDEB13B}"
EndProject
Project("{9A19103F-16F7-4668-BE54-9A1E7A4F7556}") = "TM.DAL", "TM.DL\TM.DAL.csproj", "{9BFA796A-59EF-4996-BD84-BB61A057C2E4}"
EndProject
Project("{9A19103F-16F7-4668-BE54-9A1E7A4F7556}") = "TM.UI", "TM.UI\TM.UI.csproj", "{D8051235-3AD4-4AD1-BE6A-4479C00F3554}"
EndProject
Project("{9A19103F-16F7-4668-BE54-9A1E7A4F7556}") = "Dtos", "Dtos\Dtos.csproj", "{61A5D22C-9D96-4EB1-A473-6D0415975FAB}"
EndProject
Project("{FAE04EC0-301F-11D3-BF4B-00C04F79EFBC}") = "Common", "Common\Common.csproj", "{C88A683F-64BD-47C5-8AC9-2A56F2AA9BB4}"
EndProject
Global
	GlobalSection(SolutionConfigurationPlatforms) = preSolution
		Debug|Any CPU = Debug|Any CPU
		Release|Any CPU = Release|Any CPU
	EndGlobalSection
	GlobalSection(ProjectConfigurationPlatforms) = postSolution
		{0C8BBB58-7082-425F-B166-51AFADDEB13B}.Debug|Any CPU.ActiveCfg = Debug|Any CPU
		{0C8BBB58-7082-425F-B166-51AFADDEB13B}.Release|Any CPU.ActiveCfg = Release|Any CPU
		{0C8BBB58-7082-425F-B166-51AFADDEB13B}.Release|Any CPU.Build.0 = Release|Any CPU
		{9BFA796A-59EF-4996-BD84-BB61A057C2E4}.Debug|Any CPU.ActiveCfg = Debug|Any CPU
		{9BFA796A-59EF-4996-BD84-BB61A057C2E4}.Release|Any CPU.ActiveCfg = Release|Any CPU
		{9BFA796A-59EF-4996-BD84-BB61A057C2E4}.Release|Any CPU.Build.0 = Release|Any CPU
		{D8051235-3AD4-4AD1-BE6A-4479C00F3554}.Debug|Any CPU.ActiveCfg = Debug|Any CPU
		{D8051235-3AD4-4AD1-BE6A-4479C00F3554}.Release|Any CPU.ActiveCfg = Release|Any CPU
		{D8051235-3AD4-4AD1-BE6A-4479C00F3554}.Release|Any CPU.Build.0 = Release|Any CPU
		{61A5D22C-9D96-4EB1-A473-6D0415975FAB}.Debug|Any CPU.ActiveCfg = Debug|Any CPU
		{61A5D22C-9D96-4EB1-A473-6D0415975FAB}.Debug|Any CPU.Build.0 = Debug|Any CPU
		{61A5D22C-9D96-4EB1-A473-6D0415975FAB}.Release|Any CPU.ActiveCfg = Release|Any CPU
		{61A5D22C-9D96-4EB1-A473-6D0415975FAB}.Release|Any CPU.Build.0 = Release|Any CPU
		{C88A683F-64BD-47C5-8AC9-2A56F2AA9BB4}.Debug|Any CPU.ActiveCfg = Debug|Any CPU
		{C88A683F-64BD-47C5-8AC9-2A56F2AA9BB4}.Debug|Any CPU.Build.0 = Debug|Any CPU
		{C88A683F-64BD-47C5-8AC9-2A56F2AA9BB4}.Release|Any CPU.ActiveCfg = Release|Any CPU
		{C88A683F-64BD-47C5-8AC9-2A56F2AA9BB4}.Release|Any CPU.Build.0 = Release|Any CPU
	EndGlobalSection
	GlobalSection(SolutionProperties) = preSolution
		HideSolutionNode = FALSE
	EndGlobalSection
	GlobalSection(NestedProjects) = preSolution
		{0C8BBB58-7082-425F-B166-51AFADDEB13B} = {F5C7403E-A1E6-4464-B64C-DE770EE96A20}
		{9BFA796A-59EF-4996-BD84-BB61A057C2E4} = {023A8E60-3D18-4F21-90B9-06BB5D84ADDA}
		{D8051235-3AD4-4AD1-BE6A-4479C00F3554} = {8600D2DF-45C5-4011-8F02-939EE18C97A9}
	EndGlobalSection
	GlobalSection(ExtensibilityGlobals) = postSolution
		SolutionGuid = {F12247DC-4A9C-47CF-B84E-46319EB9AA5D}
	EndGlobalSection
EndGlobal
